
Microsoft Visual Studio Solution File, Format Version 12.00
# Visual Studio 14
VisualStudioVersion = 14.0.25123.0
MinimumVisualStudioVersion = 10.0.40219.1
Project("{8BC9CEB8-8B4A-11D0-8D11-00A0C91BC942}") = "Hello", "Hello\Hello.vcxproj", "{F6098124-09E4-4CF9-9708-B3F14671A1FD}"
EndProject
Project("{8BC9CEB8-8B4A-11D0-8D11-00A0C91BC942}") = "VariablesAndTypes", "VariablesAndTypes\VariablesAndTypes.vcxproj", "{D2B0E904-14A8-4DFD-8C15-3B4A3CC71250}"
EndProject
Project("{8BC9CEB8-8B4A-11D0-8D11-00A0C91BC942}") = "ClassesAndObjects", "ClassesAndObjects\ClassesAndObjects.vcxproj", "{B738FC7D-3009-41EE-AC2B-76CFA69F0CF2}"
EndProject
Project("{8BC9CEB8-8B4A-11D0-8D11-00A0C91BC942}") = "If", "If\If.vcxproj", "{6D055E75-2A0B-4FFF-A562-E78351F78A6F}"
EndProject
Project("{8BC9CEB8-8B4A-11D0-8D11-00A0C91BC942}") = "While", "While\While.vcxproj", "{C5B8FC24-9CAF-4386-9198-6E37F1E2CE0E}"
EndProject
Project("{8BC9CEB8-8B4A-11D0-8D11-00A0C91BC942}") = "For", "For\For.vcxproj", "{CDA2EDCE-2BFA-41EC-85F5-31DE365BE951}"
EndProject
Project("{8BC9CEB8-8B4A-11D0-8D11-00A0C91BC942}") = "Switch", "Switch\Switch.vcxproj", "{5184A271-F48F-414D-A95C-D0A325C75A5B}"
EndProject
Project("{8BC9CEB8-8B4A-11D0-8D11-00A0C91BC942}") = "Functions", "Functions\Functions.vcxproj", "{63F7ED7C-738D-42AD-B984-031DD3C37756}"
EndProject
Project("{8BC9CEB8-8B4A-11D0-8D11-00A0C91BC942}") = "IIF", "IIF\IIF.vcxproj", "{F0C8F354-4788-45DB-96D7-909EF73244A5}"
EndProject
Project("{8BC9CEB8-8B4A-11D0-8D11-00A0C91BC942}") = "Arithmetic", "Arithmetic\Arithmetic.vcxproj", "{03EECF4D-AF5D-42D1-877D-D1D2B8925676}"
EndProject
Project("{8BC9CEB8-8B4A-11D0-8D11-00A0C91BC942}") = "Comparison", "Comparison\Comparison.vcxproj", "{05479728-2C99-4872-8C98-027CDB44414B}"
EndProject
Project("{8BC9CEB8-8B4A-11D0-8D11-00A0C91BC942}") = "max", "max\max.vcxproj", "{3F7EDAC1-3906-4F25-8078-47C60B8F3F62}"
EndProject
Project("{8BC9CEB8-8B4A-11D0-8D11-00A0C91BC942}") = "Accumulator", "Accumulator\Accumulator.vcxproj", "{680C96B1-2D16-4029-8560-7F0012F2255F}"
EndProject
Project("{8BC9CEB8-8B4A-11D0-8D11-00A0C91BC942}") = "PointersAndReferences", "PointersAndReferences\PointersAndReferences.vcxproj", "{457EE304-2ED5-4623-912C-C90F0CE84241}"
EndProject
Project("{8BC9CEB8-8B4A-11D0-8D11-00A0C91BC942}") = "Const", "Const\Const.vcxproj", "{0EC94820-E52E-4909-B555-F9B9913A3BDE}"
EndProject
Project("{8BC9CEB8-8B4A-11D0-8D11-00A0C91BC942}") = "FreeStore", "FreeStore\FreeStore.vcxproj", "{F74E4A6E-33F2-4700-B77A-ABE6C68EE85F}"
EndProject
Project("{8BC9CEB8-8B4A-11D0-8D11-00A0C91BC942}") = "Memory", "Memory\Memory.vcxproj", "{78AFAC2B-B877-43E3-B05B-40A9B19A1326}"
EndProject
Project("{8BC9CEB8-8B4A-11D0-8D11-00A0C91BC942}") = "PointersAndInheritance", "PointersAndInheritance\PointersAndInheritance.vcxproj", "{C023EE48-4C05-4784-8849-2618BCFC1907}"
EndProject
Project("{8BC9CEB8-8B4A-11D0-8D11-00A0C91BC942}") = "Casting", "Casting\Casting.vcxproj", "{3979CE17-FEF9-4D49-9835-C40F86655C69}"
EndProject
Global
	GlobalSection(SolutionConfigurationPlatforms) = preSolution
		Debug|x64 = Debug|x64
		Debug|x86 = Debug|x86
		Release|x64 = Release|x64
		Release|x86 = Release|x86
	EndGlobalSection
	GlobalSection(ProjectConfigurationPlatforms) = postSolution
		{F6098124-09E4-4CF9-9708-B3F14671A1FD}.Debug|x64.ActiveCfg = Debug|x64
		{F6098124-09E4-4CF9-9708-B3F14671A1FD}.Debug|x64.Build.0 = Debug|x64
		{F6098124-09E4-4CF9-9708-B3F14671A1FD}.Debug|x86.ActiveCfg = Debug|Win32
		{F6098124-09E4-4CF9-9708-B3F14671A1FD}.Debug|x86.Build.0 = Debug|Win32
		{F6098124-09E4-4CF9-9708-B3F14671A1FD}.Release|x64.ActiveCfg = Release|x64
		{F6098124-09E4-4CF9-9708-B3F14671A1FD}.Release|x64.Build.0 = Release|x64
		{F6098124-09E4-4CF9-9708-B3F14671A1FD}.Release|x86.ActiveCfg = Release|Win32
		{F6098124-09E4-4CF9-9708-B3F14671A1FD}.Release|x86.Build.0 = Release|Win32
		{D2B0E904-14A8-4DFD-8C15-3B4A3CC71250}.Debug|x64.ActiveCfg = Debug|x64
		{D2B0E904-14A8-4DFD-8C15-3B4A3CC71250}.Debug|x64.Build.0 = Debug|x64
		{D2B0E904-14A8-4DFD-8C15-3B4A3CC71250}.Debug|x86.ActiveCfg = Debug|Win32
		{D2B0E904-14A8-4DFD-8C15-3B4A3CC71250}.Debug|x86.Build.0 = Debug|Win32
		{D2B0E904-14A8-4DFD-8C15-3B4A3CC71250}.Release|x64.ActiveCfg = Release|x64
		{D2B0E904-14A8-4DFD-8C15-3B4A3CC71250}.Release|x64.Build.0 = Release|x64
		{D2B0E904-14A8-4DFD-8C15-3B4A3CC71250}.Release|x86.ActiveCfg = Release|Win32
		{D2B0E904-14A8-4DFD-8C15-3B4A3CC71250}.Release|x86.Build.0 = Release|Win32
		{B738FC7D-3009-41EE-AC2B-76CFA69F0CF2}.Debug|x64.ActiveCfg = Debug|x64
		{B738FC7D-3009-41EE-AC2B-76CFA69F0CF2}.Debug|x64.Build.0 = Debug|x64
		{B738FC7D-3009-41EE-AC2B-76CFA69F0CF2}.Debug|x86.ActiveCfg = Debug|Win32
		{B738FC7D-3009-41EE-AC2B-76CFA69F0CF2}.Debug|x86.Build.0 = Debug|Win32
		{B738FC7D-3009-41EE-AC2B-76CFA69F0CF2}.Release|x64.ActiveCfg = Release|x64
		{B738FC7D-3009-41EE-AC2B-76CFA69F0CF2}.Release|x64.Build.0 = Release|x64
		{B738FC7D-3009-41EE-AC2B-76CFA69F0CF2}.Release|x86.ActiveCfg = Release|Win32
		{B738FC7D-3009-41EE-AC2B-76CFA69F0CF2}.Release|x86.Build.0 = Release|Win32
		{6D055E75-2A0B-4FFF-A562-E78351F78A6F}.Debug|x64.ActiveCfg = Debug|x64
		{6D055E75-2A0B-4FFF-A562-E78351F78A6F}.Debug|x64.Build.0 = Debug|x64
		{6D055E75-2A0B-4FFF-A562-E78351F78A6F}.Debug|x86.ActiveCfg = Debug|Win32
		{6D055E75-2A0B-4FFF-A562-E78351F78A6F}.Debug|x86.Build.0 = Debug|Win32
		{6D055E75-2A0B-4FFF-A562-E78351F78A6F}.Release|x64.ActiveCfg = Release|x64
		{6D055E75-2A0B-4FFF-A562-E78351F78A6F}.Release|x64.Build.0 = Release|x64
		{6D055E75-2A0B-4FFF-A562-E78351F78A6F}.Release|x86.ActiveCfg = Release|Win32
		{6D055E75-2A0B-4FFF-A562-E78351F78A6F}.Release|x86.Build.0 = Release|Win32
		{C5B8FC24-9CAF-4386-9198-6E37F1E2CE0E}.Debug|x64.ActiveCfg = Debug|x64
		{C5B8FC24-9CAF-4386-9198-6E37F1E2CE0E}.Debug|x64.Build.0 = Debug|x64
		{C5B8FC24-9CAF-4386-9198-6E37F1E2CE0E}.Debug|x86.ActiveCfg = Debug|Win32
		{C5B8FC24-9CAF-4386-9198-6E37F1E2CE0E}.Debug|x86.Build.0 = Debug|Win32
		{C5B8FC24-9CAF-4386-9198-6E37F1E2CE0E}.Release|x64.ActiveCfg = Release|x64
		{C5B8FC24-9CAF-4386-9198-6E37F1E2CE0E}.Release|x64.Build.0 = Release|x64
		{C5B8FC24-9CAF-4386-9198-6E37F1E2CE0E}.Release|x86.ActiveCfg = Release|Win32
		{C5B8FC24-9CAF-4386-9198-6E37F1E2CE0E}.Release|x86.Build.0 = Release|Win32
		{CDA2EDCE-2BFA-41EC-85F5-31DE365BE951}.Debug|x64.ActiveCfg = Debug|x64
		{CDA2EDCE-2BFA-41EC-85F5-31DE365BE951}.Debug|x64.Build.0 = Debug|x64
		{CDA2EDCE-2BFA-41EC-85F5-31DE365BE951}.Debug|x86.ActiveCfg = Debug|Win32
		{CDA2EDCE-2BFA-41EC-85F5-31DE365BE951}.Debug|x86.Build.0 = Debug|Win32
		{CDA2EDCE-2BFA-41EC-85F5-31DE365BE951}.Release|x64.ActiveCfg = Release|x64
		{CDA2EDCE-2BFA-41EC-85F5-31DE365BE951}.Release|x64.Build.0 = Release|x64
		{CDA2EDCE-2BFA-41EC-85F5-31DE365BE951}.Release|x86.ActiveCfg = Release|Win32
		{CDA2EDCE-2BFA-41EC-85F5-31DE365BE951}.Release|x86.Build.0 = Release|Win32
		{5184A271-F48F-414D-A95C-D0A325C75A5B}.Debug|x64.ActiveCfg = Debug|x64
		{5184A271-F48F-414D-A95C-D0A325C75A5B}.Debug|x64.Build.0 = Debug|x64
		{5184A271-F48F-414D-A95C-D0A325C75A5B}.Debug|x86.ActiveCfg = Debug|Win32
		{5184A271-F48F-414D-A95C-D0A325C75A5B}.Debug|x86.Build.0 = Debug|Win32
		{5184A271-F48F-414D-A95C-D0A325C75A5B}.Release|x64.ActiveCfg = Release|x64
		{5184A271-F48F-414D-A95C-D0A325C75A5B}.Release|x64.Build.0 = Release|x64
		{5184A271-F48F-414D-A95C-D0A325C75A5B}.Release|x86.ActiveCfg = Release|Win32
		{5184A271-F48F-414D-A95C-D0A325C75A5B}.Release|x86.Build.0 = Release|Win32
		{63F7ED7C-738D-42AD-B984-031DD3C37756}.Debug|x64.ActiveCfg = Debug|x64
		{63F7ED7C-738D-42AD-B984-031DD3C37756}.Debug|x64.Build.0 = Debug|x64
		{63F7ED7C-738D-42AD-B984-031DD3C37756}.Debug|x86.ActiveCfg = Debug|Win32
		{63F7ED7C-738D-42AD-B984-031DD3C37756}.Debug|x86.Build.0 = Debug|Win32
		{63F7ED7C-738D-42AD-B984-031DD3C37756}.Release|x64.ActiveCfg = Release|x64
		{63F7ED7C-738D-42AD-B984-031DD3C37756}.Release|x64.Build.0 = Release|x64
		{63F7ED7C-738D-42AD-B984-031DD3C37756}.Release|x86.ActiveCfg = Release|Win32
		{63F7ED7C-738D-42AD-B984-031DD3C37756}.Release|x86.Build.0 = Release|Win32
		{F0C8F354-4788-45DB-96D7-909EF73244A5}.Debug|x64.ActiveCfg = Debug|x64
		{F0C8F354-4788-45DB-96D7-909EF73244A5}.Debug|x64.Build.0 = Debug|x64
		{F0C8F354-4788-45DB-96D7-909EF73244A5}.Debug|x86.ActiveCfg = Debug|Win32
		{F0C8F354-4788-45DB-96D7-909EF73244A5}.Debug|x86.Build.0 = Debug|Win32
		{F0C8F354-4788-45DB-96D7-909EF73244A5}.Release|x64.ActiveCfg = Release|x64
		{F0C8F354-4788-45DB-96D7-909EF73244A5}.Release|x64.Build.0 = Release|x64
		{F0C8F354-4788-45DB-96D7-909EF73244A5}.Release|x86.ActiveCfg = Release|Win32
		{F0C8F354-4788-45DB-96D7-909EF73244A5}.Release|x86.Build.0 = Release|Win32
		{03EECF4D-AF5D-42D1-877D-D1D2B8925676}.Debug|x64.ActiveCfg = Debug|x64
		{03EECF4D-AF5D-42D1-877D-D1D2B8925676}.Debug|x64.Build.0 = Debug|x64
		{03EECF4D-AF5D-42D1-877D-D1D2B8925676}.Debug|x86.ActiveCfg = Debug|Win32
		{03EECF4D-AF5D-42D1-877D-D1D2B8925676}.Debug|x86.Build.0 = Debug|Win32
		{03EECF4D-AF5D-42D1-877D-D1D2B8925676}.Release|x64.ActiveCfg = Release|x64
		{03EECF4D-AF5D-42D1-877D-D1D2B8925676}.Release|x64.Build.0 = Release|x64
		{03EECF4D-AF5D-42D1-877D-D1D2B8925676}.Release|x86.ActiveCfg = Release|Win32
		{03EECF4D-AF5D-42D1-877D-D1D2B8925676}.Release|x86.Build.0 = Release|Win32
		{05479728-2C99-4872-8C98-027CDB44414B}.Debug|x64.ActiveCfg = Debug|x64
		{05479728-2C99-4872-8C98-027CDB44414B}.Debug|x64.Build.0 = Debug|x64
		{05479728-2C99-4872-8C98-027CDB44414B}.Debug|x86.ActiveCfg = Debug|Win32
		{05479728-2C99-4872-8C98-027CDB44414B}.Debug|x86.Build.0 = Debug|Win32
		{05479728-2C99-4872-8C98-027CDB44414B}.Release|x64.ActiveCfg = Release|x64
		{05479728-2C99-4872-8C98-027CDB44414B}.Release|x64.Build.0 = Release|x64
		{05479728-2C99-4872-8C98-027CDB44414B}.Release|x86.ActiveCfg = Release|Win32
		{05479728-2C99-4872-8C98-027CDB44414B}.Release|x86.Build.0 = Release|Win32
		{3F7EDAC1-3906-4F25-8078-47C60B8F3F62}.Debug|x64.ActiveCfg = Debug|x64
		{3F7EDAC1-3906-4F25-8078-47C60B8F3F62}.Debug|x64.Build.0 = Debug|x64
		{3F7EDAC1-3906-4F25-8078-47C60B8F3F62}.Debug|x86.ActiveCfg = Debug|Win32
		{3F7EDAC1-3906-4F25-8078-47C60B8F3F62}.Debug|x86.Build.0 = Debug|Win32
		{3F7EDAC1-3906-4F25-8078-47C60B8F3F62}.Release|x64.ActiveCfg = Release|x64
		{3F7EDAC1-3906-4F25-8078-47C60B8F3F62}.Release|x64.Build.0 = Release|x64
		{3F7EDAC1-3906-4F25-8078-47C60B8F3F62}.Release|x86.ActiveCfg = Release|Win32
		{3F7EDAC1-3906-4F25-8078-47C60B8F3F62}.Release|x86.Build.0 = Release|Win32
		{680C96B1-2D16-4029-8560-7F0012F2255F}.Debug|x64.ActiveCfg = Debug|x64
		{680C96B1-2D16-4029-8560-7F0012F2255F}.Debug|x64.Build.0 = Debug|x64
		{680C96B1-2D16-4029-8560-7F0012F2255F}.Debug|x86.ActiveCfg = Debug|Win32
		{680C96B1-2D16-4029-8560-7F0012F2255F}.Debug|x86.Build.0 = Debug|Win32
		{680C96B1-2D16-4029-8560-7F0012F2255F}.Release|x64.ActiveCfg = Release|x64
		{680C96B1-2D16-4029-8560-7F0012F2255F}.Release|x64.Build.0 = Release|x64
		{680C96B1-2D16-4029-8560-7F0012F2255F}.Release|x86.ActiveCfg = Release|Win32
		{680C96B1-2D16-4029-8560-7F0012F2255F}.Release|x86.Build.0 = Release|Win32
		{457EE304-2ED5-4623-912C-C90F0CE84241}.Debug|x64.ActiveCfg = Debug|x64
		{457EE304-2ED5-4623-912C-C90F0CE84241}.Debug|x64.Build.0 = Debug|x64
		{457EE304-2ED5-4623-912C-C90F0CE84241}.Debug|x86.ActiveCfg = Debug|Win32
		{457EE304-2ED5-4623-912C-C90F0CE84241}.Debug|x86.Build.0 = Debug|Win32
		{457EE304-2ED5-4623-912C-C90F0CE84241}.Release|x64.ActiveCfg = Release|x64
		{457EE304-2ED5-4623-912C-C90F0CE84241}.Release|x64.Build.0 = Release|x64
		{457EE304-2ED5-4623-912C-C90F0CE84241}.Release|x86.ActiveCfg = Release|Win32
		{457EE304-2ED5-4623-912C-C90F0CE84241}.Release|x86.Build.0 = Release|Win32
		{0EC94820-E52E-4909-B555-F9B9913A3BDE}.Debug|x64.ActiveCfg = Debug|x64
		{0EC94820-E52E-4909-B555-F9B9913A3BDE}.Debug|x64.Build.0 = Debug|x64
		{0EC94820-E52E-4909-B555-F9B9913A3BDE}.Debug|x86.ActiveCfg = Debug|Win32
		{0EC94820-E52E-4909-B555-F9B9913A3BDE}.Debug|x86.Build.0 = Debug|Win32
		{0EC94820-E52E-4909-B555-F9B9913A3BDE}.Release|x64.ActiveCfg = Release|x64
		{0EC94820-E52E-4909-B555-F9B9913A3BDE}.Release|x64.Build.0 = Release|x64
		{0EC94820-E52E-4909-B555-F9B9913A3BDE}.Release|x86.ActiveCfg = Release|Win32
		{0EC94820-E52E-4909-B555-F9B9913A3BDE}.Release|x86.Build.0 = Release|Win32
		{F74E4A6E-33F2-4700-B77A-ABE6C68EE85F}.Debug|x64.ActiveCfg = Debug|x64
		{F74E4A6E-33F2-4700-B77A-ABE6C68EE85F}.Debug|x64.Build.0 = Debug|x64
		{F74E4A6E-33F2-4700-B77A-ABE6C68EE85F}.Debug|x86.ActiveCfg = Debug|Win32
		{F74E4A6E-33F2-4700-B77A-ABE6C68EE85F}.Debug|x86.Build.0 = Debug|Win32
		{F74E4A6E-33F2-4700-B77A-ABE6C68EE85F}.Release|x64.ActiveCfg = Release|x64
		{F74E4A6E-33F2-4700-B77A-ABE6C68EE85F}.Release|x64.Build.0 = Release|x64
		{F74E4A6E-33F2-4700-B77A-ABE6C68EE85F}.Release|x86.ActiveCfg = Release|Win32
		{F74E4A6E-33F2-4700-B77A-ABE6C68EE85F}.Release|x86.Build.0 = Release|Win32
		{78AFAC2B-B877-43E3-B05B-40A9B19A1326}.Debug|x64.ActiveCfg = Debug|x64
		{78AFAC2B-B877-43E3-B05B-40A9B19A1326}.Debug|x64.Build.0 = Debug|x64
		{78AFAC2B-B877-43E3-B05B-40A9B19A1326}.Debug|x86.ActiveCfg = Debug|Win32
		{78AFAC2B-B877-43E3-B05B-40A9B19A1326}.Debug|x86.Build.0 = Debug|Win32
		{78AFAC2B-B877-43E3-B05B-40A9B19A1326}.Release|x64.ActiveCfg = Release|x64
		{78AFAC2B-B877-43E3-B05B-40A9B19A1326}.Release|x64.Build.0 = Release|x64
		{78AFAC2B-B877-43E3-B05B-40A9B19A1326}.Release|x86.ActiveCfg = Release|Win32
		{78AFAC2B-B877-43E3-B05B-40A9B19A1326}.Release|x86.Build.0 = Release|Win32
		{C023EE48-4C05-4784-8849-2618BCFC1907}.Debug|x64.ActiveCfg = Debug|x64
		{C023EE48-4C05-4784-8849-2618BCFC1907}.Debug|x64.Build.0 = Debug|x64
		{C023EE48-4C05-4784-8849-2618BCFC1907}.Debug|x86.ActiveCfg = Debug|Win32
		{C023EE48-4C05-4784-8849-2618BCFC1907}.Debug|x86.Build.0 = Debug|Win32
		{C023EE48-4C05-4784-8849-2618BCFC1907}.Release|x64.ActiveCfg = Release|x64
		{C023EE48-4C05-4784-8849-2618BCFC1907}.Release|x64.Build.0 = Release|x64
		{C023EE48-4C05-4784-8849-2618BCFC1907}.Release|x86.ActiveCfg = Release|Win32
		{C023EE48-4C05-4784-8849-2618BCFC1907}.Release|x86.Build.0 = Release|Win32
		{3979CE17-FEF9-4D49-9835-C40F86655C69}.Debug|x64.ActiveCfg = Debug|x64
		{3979CE17-FEF9-4D49-9835-C40F86655C69}.Debug|x64.Build.0 = Debug|x64
		{3979CE17-FEF9-4D49-9835-C40F86655C69}.Debug|x86.ActiveCfg = Debug|Win32
		{3979CE17-FEF9-4D49-9835-C40F86655C69}.Debug|x86.Build.0 = Debug|Win32
		{3979CE17-FEF9-4D49-9835-C40F86655C69}.Release|x64.ActiveCfg = Release|x64
		{3979CE17-FEF9-4D49-9835-C40F86655C69}.Release|x64.Build.0 = Release|x64
		{3979CE17-FEF9-4D49-9835-C40F86655C69}.Release|x86.ActiveCfg = Release|Win32
		{3979CE17-FEF9-4D49-9835-C40F86655C69}.Release|x86.Build.0 = Release|Win32
	EndGlobalSection
	GlobalSection(SolutionProperties) = preSolution
		HideSolutionNode = FALSE
	EndGlobalSection
EndGlobal
