
Microsoft Visual Studio Solution File, Format Version 12.00
# Visual Studio 14
VisualStudioVersion = 14.0.24720.0
MinimumVisualStudioVersion = 10.0.40219.1
Project("{8BC9CEB8-8B4A-11D0-8D11-00A0C91BC942}") = "Chapter1", "Chapter1\Chapter1.vcxproj", "{D321C143-8422-4F4C-8656-C84490F25F90}"
EndProject
Project("{8BC9CEB8-8B4A-11D0-8D11-00A0C91BC942}") = "Chapter2", "Chapter2\Chapter2.vcxproj", "{E7BEAB44-721E-427F-A98C-2E47BAF940FD}"
EndProject
Project("{8BC9CEB8-8B4A-11D0-8D11-00A0C91BC942}") = "Chapter3", "Chapter3\Chapter3.vcxproj", "{A5DE2881-384F-44AA-A090-2DA8B6DE16B9}"
EndProject
Project("{8BC9CEB8-8B4A-11D0-8D11-00A0C91BC942}") = "Chapter4", "Chapter4\Chapter4.vcxproj", "{29E1A95C-2EFD-4E23-B085-27FC9FAB28E7}"
EndProject
Project("{8BC9CEB8-8B4A-11D0-8D11-00A0C91BC942}") = "Chapter5", "Chapter5\Chapter5.vcxproj", "{8AEC6281-AA74-4689-9B2C-D037EC3B179F}"
EndProject
Project("{8BC9CEB8-8B4A-11D0-8D11-00A0C91BC942}") = "Chapter6", "Chapter6\Chapter6.vcxproj", "{251617D5-6546-4527-968C-56117ADAA451}"
EndProject
Global
	GlobalSection(SolutionConfigurationPlatforms) = preSolution
		Debug|x64 = Debug|x64
		Debug|x86 = Debug|x86
		Release|x64 = Release|x64
		Release|x86 = Release|x86
	EndGlobalSection
	GlobalSection(ProjectConfigurationPlatforms) = postSolution
		{D321C143-8422-4F4C-8656-C84490F25F90}.Debug|x64.ActiveCfg = Debug|x64
		{D321C143-8422-4F4C-8656-C84490F25F90}.Debug|x64.Build.0 = Debug|x64
		{D321C143-8422-4F4C-8656-C84490F25F90}.Debug|x86.ActiveCfg = Debug|Win32
		{D321C143-8422-4F4C-8656-C84490F25F90}.Debug|x86.Build.0 = Debug|Win32
		{D321C143-8422-4F4C-8656-C84490F25F90}.Release|x64.ActiveCfg = Release|x64
		{D321C143-8422-4F4C-8656-C84490F25F90}.Release|x64.Build.0 = Release|x64
		{D321C143-8422-4F4C-8656-C84490F25F90}.Release|x86.ActiveCfg = Release|Win32
		{D321C143-8422-4F4C-8656-C84490F25F90}.Release|x86.Build.0 = Release|Win32
		{E7BEAB44-721E-427F-A98C-2E47BAF940FD}.Debug|x64.ActiveCfg = Debug|x64
		{E7BEAB44-721E-427F-A98C-2E47BAF940FD}.Debug|x64.Build.0 = Debug|x64
		{E7BEAB44-721E-427F-A98C-2E47BAF940FD}.Debug|x86.ActiveCfg = Debug|Win32
		{E7BEAB44-721E-427F-A98C-2E47BAF940FD}.Debug|x86.Build.0 = Debug|Win32
		{E7BEAB44-721E-427F-A98C-2E47BAF940FD}.Release|x64.ActiveCfg = Release|x64
		{E7BEAB44-721E-427F-A98C-2E47BAF940FD}.Release|x64.Build.0 = Release|x64
		{E7BEAB44-721E-427F-A98C-2E47BAF940FD}.Release|x86.ActiveCfg = Release|Win32
		{E7BEAB44-721E-427F-A98C-2E47BAF940FD}.Release|x86.Build.0 = Release|Win32
		{A5DE2881-384F-44AA-A090-2DA8B6DE16B9}.Debug|x64.ActiveCfg = Debug|x64
		{A5DE2881-384F-44AA-A090-2DA8B6DE16B9}.Debug|x64.Build.0 = Debug|x64
		{A5DE2881-384F-44AA-A090-2DA8B6DE16B9}.Debug|x86.ActiveCfg = Debug|Win32
		{A5DE2881-384F-44AA-A090-2DA8B6DE16B9}.Debug|x86.Build.0 = Debug|Win32
		{A5DE2881-384F-44AA-A090-2DA8B6DE16B9}.Release|x64.ActiveCfg = Release|x64
		{A5DE2881-384F-44AA-A090-2DA8B6DE16B9}.Release|x64.Build.0 = Release|x64
		{A5DE2881-384F-44AA-A090-2DA8B6DE16B9}.Release|x86.ActiveCfg = Release|Win32
		{A5DE2881-384F-44AA-A090-2DA8B6DE16B9}.Release|x86.Build.0 = Release|Win32
		{29E1A95C-2EFD-4E23-B085-27FC9FAB28E7}.Debug|x64.ActiveCfg = Debug|x64
		{29E1A95C-2EFD-4E23-B085-27FC9FAB28E7}.Debug|x64.Build.0 = Debug|x64
		{29E1A95C-2EFD-4E23-B085-27FC9FAB28E7}.Debug|x86.ActiveCfg = Debug|Win32
		{29E1A95C-2EFD-4E23-B085-27FC9FAB28E7}.Debug|x86.Build.0 = Debug|Win32
		{29E1A95C-2EFD-4E23-B085-27FC9FAB28E7}.Release|x64.ActiveCfg = Release|x64
		{29E1A95C-2EFD-4E23-B085-27FC9FAB28E7}.Release|x64.Build.0 = Release|x64
		{29E1A95C-2EFD-4E23-B085-27FC9FAB28E7}.Release|x86.ActiveCfg = Release|Win32
		{29E1A95C-2EFD-4E23-B085-27FC9FAB28E7}.Release|x86.Build.0 = Release|Win32
		{8AEC6281-AA74-4689-9B2C-D037EC3B179F}.Debug|x64.ActiveCfg = Debug|x64
		{8AEC6281-AA74-4689-9B2C-D037EC3B179F}.Debug|x64.Build.0 = Debug|x64
		{8AEC6281-AA74-4689-9B2C-D037EC3B179F}.Debug|x86.ActiveCfg = Debug|Win32
		{8AEC6281-AA74-4689-9B2C-D037EC3B179F}.Debug|x86.Build.0 = Debug|Win32
		{8AEC6281-AA74-4689-9B2C-D037EC3B179F}.Release|x64.ActiveCfg = Release|x64
		{8AEC6281-AA74-4689-9B2C-D037EC3B179F}.Release|x64.Build.0 = Release|x64
		{8AEC6281-AA74-4689-9B2C-D037EC3B179F}.Release|x86.ActiveCfg = Release|Win32
		{8AEC6281-AA74-4689-9B2C-D037EC3B179F}.Release|x86.Build.0 = Release|Win32
		{251617D5-6546-4527-968C-56117ADAA451}.Debug|x64.ActiveCfg = Debug|x64
		{251617D5-6546-4527-968C-56117ADAA451}.Debug|x64.Build.0 = Debug|x64
		{251617D5-6546-4527-968C-56117ADAA451}.Debug|x86.ActiveCfg = Debug|Win32
		{251617D5-6546-4527-968C-56117ADAA451}.Debug|x86.Build.0 = Debug|Win32
		{251617D5-6546-4527-968C-56117ADAA451}.Release|x64.ActiveCfg = Release|x64
		{251617D5-6546-4527-968C-56117ADAA451}.Release|x64.Build.0 = Release|x64
		{251617D5-6546-4527-968C-56117ADAA451}.Release|x86.ActiveCfg = Release|Win32
		{251617D5-6546-4527-968C-56117ADAA451}.Release|x86.Build.0 = Release|Win32
	EndGlobalSection
	GlobalSection(SolutionProperties) = preSolution
		HideSolutionNode = FALSE
	EndGlobalSection
EndGlobal
