
Microsoft Visual Studio Solution File, Format Version 12.00
# Visual Studio 14
VisualStudioVersion = 14.0.24720.0
MinimumVisualStudioVersion = 10.0.40219.1
Project("{2150E333-8FDC-42A3-9474-1A3956D46DE8}") = "Engine", "Engine", "{902EE40E-7769-4430-8B1D-EA6B8B2890D6}"
EndProject
Project("{2150E333-8FDC-42A3-9474-1A3956D46DE8}") = "Games", "Games", "{544C1FDF-D25B-435A-9B6C-FEA931211B71}"
EndProject
Project("{8BC9CEB8-8B4A-11D0-8D11-00A0C91BC942}") = "UE4", "Intermediate\ProjectFiles\UE4.vcxproj", "{1E24B862-B31A-4B9B-B753-C8176E3ACCF8}"
EndProject
Project("{8BC9CEB8-8B4A-11D0-8D11-00A0C91BC942}") = "BatteryCollector", "Intermediate\ProjectFiles\BatteryCollector.vcxproj", "{F6BA32EA-0312-4DCF-939A-C39E7D009574}"
EndProject
Global
	GlobalSection(SolutionConfigurationPlatforms) = preSolution
		DebugGame Editor|Win32 = DebugGame Editor|Win32
		DebugGame Editor|Win64 = DebugGame Editor|Win64
		DebugGame|Win32 = DebugGame|Win32
		DebugGame|Win64 = DebugGame|Win64
		Development Editor|Win32 = Development Editor|Win32
		Development Editor|Win64 = Development Editor|Win64
		Development|Win32 = Development|Win32
		Development|Win64 = Development|Win64
		Shipping|Win32 = Shipping|Win32
		Shipping|Win64 = Shipping|Win64
	EndGlobalSection
	GlobalSection(ProjectConfigurationPlatforms) = postSolution
		{1E24B862-B31A-4B9B-B753-C8176E3ACCF8}.DebugGame Editor|Win32.ActiveCfg = BuiltWithUnrealBuildTool|Win32
		{1E24B862-B31A-4B9B-B753-C8176E3ACCF8}.DebugGame Editor|Win32.Build.0 = BuiltWithUnrealBuildTool|Win32
		{1E24B862-B31A-4B9B-B753-C8176E3ACCF8}.DebugGame Editor|Win64.ActiveCfg = BuiltWithUnrealBuildTool|Win32
		{1E24B862-B31A-4B9B-B753-C8176E3ACCF8}.DebugGame Editor|Win64.Build.0 = BuiltWithUnrealBuildTool|Win32
		{1E24B862-B31A-4B9B-B753-C8176E3ACCF8}.DebugGame|Win32.ActiveCfg = BuiltWithUnrealBuildTool|Win32
		{1E24B862-B31A-4B9B-B753-C8176E3ACCF8}.DebugGame|Win32.Build.0 = BuiltWithUnrealBuildTool|Win32
		{1E24B862-B31A-4B9B-B753-C8176E3ACCF8}.DebugGame|Win64.ActiveCfg = BuiltWithUnrealBuildTool|Win32
		{1E24B862-B31A-4B9B-B753-C8176E3ACCF8}.DebugGame|Win64.Build.0 = BuiltWithUnrealBuildTool|Win32
		{1E24B862-B31A-4B9B-B753-C8176E3ACCF8}.Development Editor|Win32.ActiveCfg = BuiltWithUnrealBuildTool|Win32
		{1E24B862-B31A-4B9B-B753-C8176E3ACCF8}.Development Editor|Win32.Build.0 = BuiltWithUnrealBuildTool|Win32
		{1E24B862-B31A-4B9B-B753-C8176E3ACCF8}.Development Editor|Win64.ActiveCfg = BuiltWithUnrealBuildTool|Win32
		{1E24B862-B31A-4B9B-B753-C8176E3ACCF8}.Development Editor|Win64.Build.0 = BuiltWithUnrealBuildTool|Win32
		{1E24B862-B31A-4B9B-B753-C8176E3ACCF8}.Development|Win32.ActiveCfg = BuiltWithUnrealBuildTool|Win32
		{1E24B862-B31A-4B9B-B753-C8176E3ACCF8}.Development|Win32.Build.0 = BuiltWithUnrealBuildTool|Win32
		{1E24B862-B31A-4B9B-B753-C8176E3ACCF8}.Development|Win64.ActiveCfg = BuiltWithUnrealBuildTool|Win32
		{1E24B862-B31A-4B9B-B753-C8176E3ACCF8}.Development|Win64.Build.0 = BuiltWithUnrealBuildTool|Win32
		{1E24B862-B31A-4B9B-B753-C8176E3ACCF8}.Shipping|Win32.ActiveCfg = BuiltWithUnrealBuildTool|Win32
		{1E24B862-B31A-4B9B-B753-C8176E3ACCF8}.Shipping|Win32.Build.0 = BuiltWithUnrealBuildTool|Win32
		{1E24B862-B31A-4B9B-B753-C8176E3ACCF8}.Shipping|Win64.ActiveCfg = BuiltWithUnrealBuildTool|Win32
		{1E24B862-B31A-4B9B-B753-C8176E3ACCF8}.Shipping|Win64.Build.0 = BuiltWithUnrealBuildTool|Win32
		{F6BA32EA-0312-4DCF-939A-C39E7D009574}.DebugGame Editor|Win32.ActiveCfg = DebugGame_Editor|Win32
		{F6BA32EA-0312-4DCF-939A-C39E7D009574}.DebugGame Editor|Win32.Build.0 = DebugGame_Editor|Win32
		{F6BA32EA-0312-4DCF-939A-C39E7D009574}.DebugGame Editor|Win64.ActiveCfg = DebugGame_Editor|x64
		{F6BA32EA-0312-4DCF-939A-C39E7D009574}.DebugGame Editor|Win64.Build.0 = DebugGame_Editor|x64
		{F6BA32EA-0312-4DCF-939A-C39E7D009574}.DebugGame|Win32.ActiveCfg = DebugGame_Game|Win32
		{F6BA32EA-0312-4DCF-939A-C39E7D009574}.DebugGame|Win32.Build.0 = DebugGame_Game|Win32
		{F6BA32EA-0312-4DCF-939A-C39E7D009574}.DebugGame|Win64.ActiveCfg = DebugGame_Game|x64
		{F6BA32EA-0312-4DCF-939A-C39E7D009574}.DebugGame|Win64.Build.0 = DebugGame_Game|x64
		{F6BA32EA-0312-4DCF-939A-C39E7D009574}.Development Editor|Win32.ActiveCfg = Development_Editor|Win32
		{F6BA32EA-0312-4DCF-939A-C39E7D009574}.Development Editor|Win32.Build.0 = Development_Editor|Win32
		{F6BA32EA-0312-4DCF-939A-C39E7D009574}.Development Editor|Win64.ActiveCfg = Development_Editor|x64
		{F6BA32EA-0312-4DCF-939A-C39E7D009574}.Development Editor|Win64.Build.0 = Development_Editor|x64
		{F6BA32EA-0312-4DCF-939A-C39E7D009574}.Development|Win32.ActiveCfg = Development_Game|Win32
		{F6BA32EA-0312-4DCF-939A-C39E7D009574}.Development|Win32.Build.0 = Development_Game|Win32
		{F6BA32EA-0312-4DCF-939A-C39E7D009574}.Development|Win64.ActiveCfg = Development_Game|x64
		{F6BA32EA-0312-4DCF-939A-C39E7D009574}.Development|Win64.Build.0 = Development_Game|x64
		{F6BA32EA-0312-4DCF-939A-C39E7D009574}.Shipping|Win32.ActiveCfg = Shipping_Game|Win32
		{F6BA32EA-0312-4DCF-939A-C39E7D009574}.Shipping|Win32.Build.0 = Shipping_Game|Win32
		{F6BA32EA-0312-4DCF-939A-C39E7D009574}.Shipping|Win64.ActiveCfg = Shipping_Game|x64
		{F6BA32EA-0312-4DCF-939A-C39E7D009574}.Shipping|Win64.Build.0 = Shipping_Game|x64
	EndGlobalSection
	GlobalSection(SolutionProperties) = preSolution
		HideSolutionNode = FALSE
	EndGlobalSection
	GlobalSection(NestedProjects) = preSolution
		{1E24B862-B31A-4B9B-B753-C8176E3ACCF8} = {902EE40E-7769-4430-8B1D-EA6B8B2890D6}
		{F6BA32EA-0312-4DCF-939A-C39E7D009574} = {544C1FDF-D25B-435A-9B6C-FEA931211B71}
	EndGlobalSection
EndGlobal
