
Microsoft Visual Studio Solution File, Format Version 12.00
# Visual Studio 14
VisualStudioVersion = 14.0.25123.0
MinimumVisualStudioVersion = 10.0.40219.1
Project("{8BC9CEB8-8B4A-11D0-8D11-00A0C91BC942}") = "InputVariables", "InputVariables\InputVariables.vcxproj", "{1DB2ACEE-C3DF-4E26-9C1B-FCC60DA284B0}"
EndProject
Project("{8BC9CEB8-8B4A-11D0-8D11-00A0C91BC942}") = "Ages", "Ages\Ages.vcxproj", "{F3418DF8-6848-4B54-8DCA-F9E5461D6601}"
EndProject
Global
	GlobalSection(SolutionConfigurationPlatforms) = preSolution
		Debug|x64 = Debug|x64
		Debug|x86 = Debug|x86
		Release|x64 = Release|x64
		Release|x86 = Release|x86
	EndGlobalSection
	GlobalSection(ProjectConfigurationPlatforms) = postSolution
		{1DB2ACEE-C3DF-4E26-9C1B-FCC60DA284B0}.Debug|x64.ActiveCfg = Debug|x64
		{1DB2ACEE-C3DF-4E26-9C1B-FCC60DA284B0}.Debug|x64.Build.0 = Debug|x64
		{1DB2ACEE-C3DF-4E26-9C1B-FCC60DA284B0}.Debug|x86.ActiveCfg = Debug|Win32
		{1DB2ACEE-C3DF-4E26-9C1B-FCC60DA284B0}.Debug|x86.Build.0 = Debug|Win32
		{1DB2ACEE-C3DF-4E26-9C1B-FCC60DA284B0}.Release|x64.ActiveCfg = Release|x64
		{1DB2ACEE-C3DF-4E26-9C1B-FCC60DA284B0}.Release|x64.Build.0 = Release|x64
		{1DB2ACEE-C3DF-4E26-9C1B-FCC60DA284B0}.Release|x86.ActiveCfg = Release|Win32
		{1DB2ACEE-C3DF-4E26-9C1B-FCC60DA284B0}.Release|x86.Build.0 = Release|Win32
		{F3418DF8-6848-4B54-8DCA-F9E5461D6601}.Debug|x64.ActiveCfg = Debug|x64
		{F3418DF8-6848-4B54-8DCA-F9E5461D6601}.Debug|x64.Build.0 = Debug|x64
		{F3418DF8-6848-4B54-8DCA-F9E5461D6601}.Debug|x86.ActiveCfg = Debug|Win32
		{F3418DF8-6848-4B54-8DCA-F9E5461D6601}.Debug|x86.Build.0 = Debug|Win32
		{F3418DF8-6848-4B54-8DCA-F9E5461D6601}.Release|x64.ActiveCfg = Release|x64
		{F3418DF8-6848-4B54-8DCA-F9E5461D6601}.Release|x64.Build.0 = Release|x64
		{F3418DF8-6848-4B54-8DCA-F9E5461D6601}.Release|x86.ActiveCfg = Release|Win32
		{F3418DF8-6848-4B54-8DCA-F9E5461D6601}.Release|x86.Build.0 = Release|Win32
	EndGlobalSection
	GlobalSection(SolutionProperties) = preSolution
		HideSolutionNode = FALSE
	EndGlobalSection
EndGlobal
